// !$*UTF8*$!
{
	archiveVersion = 1;
	classes = {
	};
	objectVersion = 56;
	objects = {

/* Begin PBXBuildFile section */
		0A0161F42C7D75EE00437D8C /* SurfSpotView.swift in Sources */ = {isa = PBXBuildFile; fileRef = 0A0161F32C7D75EE00437D8C /* SurfSpotView.swift */; };
		0A0161F62C7D764E00437D8C /* NoSurfSpotView.swift in Sources */ = {isa = PBXBuildFile; fileRef = 0A0161F52C7D764E00437D8C /* NoSurfSpotView.swift */; };
		0A0161F82C7D769E00437D8C /* EntryView.swift in Sources */ = {isa = PBXBuildFile; fileRef = 0A0161F72C7D769E00437D8C /* EntryView.swift */; };
		0A0161FB2C7D76D800437D8C /* ColorExtension.swift in Sources */ = {isa = PBXBuildFile; fileRef = 0A0161FA2C7D76D800437D8C /* ColorExtension.swift */; };
		0A0161FE2C7D773900437D8C /* SurfSpots.swift in Sources */ = {isa = PBXBuildFile; fileRef = 0A0161FD2C7D773900437D8C /* SurfSpots.swift */; };
		0A0162032C7D778300437D8C /* GetGradeColor.swift in Sources */ = {isa = PBXBuildFile; fileRef = 0A0162022C7D778300437D8C /* GetGradeColor.swift */; };
		0A0162062C7D77C900437D8C /* TimelineProvider.swift in Sources */ = {isa = PBXBuildFile; fileRef = 0A0162052C7D77C900437D8C /* TimelineProvider.swift */; };
		0A0162082C7D77D100437D8C /* TimelineEntry.swift in Sources */ = {isa = PBXBuildFile; fileRef = 0A0162072C7D77D100437D8C /* TimelineEntry.swift */; };
		0A01620D2C7D78A200437D8C /* SurfSpotView.swift in Sources */ = {isa = PBXBuildFile; fileRef = 0A01620C2C7D78A200437D8C /* SurfSpotView.swift */; };
		0A01620F2C7D78AD00437D8C /* NoSurfSpotView.swift in Sources */ = {isa = PBXBuildFile; fileRef = 0A01620E2C7D78AD00437D8C /* NoSurfSpotView.swift */; };
		0A0162112C7D791000437D8C /* GetGradeColor.swift in Sources */ = {isa = PBXBuildFile; fileRef = 0A0162102C7D791000437D8C /* GetGradeColor.swift */; };
		0A0162132C7D794C00437D8C /* SurfSpots.swift in Sources */ = {isa = PBXBuildFile; fileRef = 0A0162122C7D794C00437D8C /* SurfSpots.swift */; };
		0A0162182C7D79C200437D8C /* ColorExtension.swift in Sources */ = {isa = PBXBuildFile; fileRef = 0A0162172C7D79C200437D8C /* ColorExtension.swift */; };
		0A0EEE1A2C7FDE490035B6FD /* SurfSpotsObserv.swift in Sources */ = {isa = PBXBuildFile; fileRef = 0A0EEE192C7FDE490035B6FD /* SurfSpotsObserv.swift */; };
		0A0EEE1E2C7FE6850035B6FD /* SurfSpotUrlsObserv.swift in Sources */ = {isa = PBXBuildFile; fileRef = 0A0EEE1D2C7FE6850035B6FD /* SurfSpotUrlsObserv.swift */; };
		0A0EEE202C8024380035B6FD /* GetSurfSpotUrls.swift in Sources */ = {isa = PBXBuildFile; fileRef = 0A0EEE1F2C8024380035B6FD /* GetSurfSpotUrls.swift */; };
		0A15027F2C7DA16200339813 /* WebScraper.swift in Sources */ = {isa = PBXBuildFile; fileRef = 0A15027E2C7DA16200339813 /* WebScraper.swift */; };
		0A1502812C7DA2EA00339813 /* WebScraper.swift in Sources */ = {isa = PBXBuildFile; fileRef = 0A1502802C7DA2EA00339813 /* WebScraper.swift */; };
		0A62382E2C7ECBB2003B1679 /* SystemLargeView.swift in Sources */ = {isa = PBXBuildFile; fileRef = 0A62382D2C7ECBB2003B1679 /* SystemLargeView.swift */; };
		0A6238302C7ECBC0003B1679 /* SystemExtraLargeView.swift in Sources */ = {isa = PBXBuildFile; fileRef = 0A62382F2C7ECBC0003B1679 /* SystemExtraLargeView.swift */; };
		0A6238322C7EE5BB003B1679 /* SettingsView.swift in Sources */ = {isa = PBXBuildFile; fileRef = 0A6238312C7EE5BB003B1679 /* SettingsView.swift */; };
		0ABB89B12C7C1489006DAE23 /* SurfForcastWidgetApp.swift in Sources */ = {isa = PBXBuildFile; fileRef = 0ABB89B02C7C1489006DAE23 /* SurfForcastWidgetApp.swift */; };
		0ABB89B32C7C1489006DAE23 /* ContentView.swift in Sources */ = {isa = PBXBuildFile; fileRef = 0ABB89B22C7C1489006DAE23 /* ContentView.swift */; };
		0ABB89B52C7C148A006DAE23 /* Assets.xcassets in Resources */ = {isa = PBXBuildFile; fileRef = 0ABB89B42C7C148A006DAE23 /* Assets.xcassets */; };
		0ABB89B82C7C148A006DAE23 /* Preview Assets.xcassets in Resources */ = {isa = PBXBuildFile; fileRef = 0ABB89B72C7C148A006DAE23 /* Preview Assets.xcassets */; };
		0ABB89C62C7C150B006DAE23 /* WidgetKit.framework in Frameworks */ = {isa = PBXBuildFile; fileRef = 0ABB89C52C7C150B006DAE23 /* WidgetKit.framework */; };
		0ABB89C82C7C150B006DAE23 /* SwiftUI.framework in Frameworks */ = {isa = PBXBuildFile; fileRef = 0ABB89C72C7C150B006DAE23 /* SwiftUI.framework */; };
		0ABB89CB2C7C150B006DAE23 /* MacOsWidgetBundle.swift in Sources */ = {isa = PBXBuildFile; fileRef = 0ABB89CA2C7C150B006DAE23 /* MacOsWidgetBundle.swift */; };
		0ABB89CD2C7C150B006DAE23 /* MacOsWidget.swift in Sources */ = {isa = PBXBuildFile; fileRef = 0ABB89CC2C7C150B006DAE23 /* MacOsWidget.swift */; };
		0ABB89D12C7C150B006DAE23 /* Assets.xcassets in Resources */ = {isa = PBXBuildFile; fileRef = 0ABB89D02C7C150B006DAE23 /* Assets.xcassets */; };
		0ABB89D62C7C150B006DAE23 /* macOs-widgetExtension.appex in Embed Foundation Extensions */ = {isa = PBXBuildFile; fileRef = 0ABB89C32C7C150B006DAE23 /* macOs-widgetExtension.appex */; settings = {ATTRIBUTES = (RemoveHeadersOnCopy, ); }; };
		0ABC9C962C7EB25300A4DB19 /* SwiftSoup in Frameworks */ = {isa = PBXBuildFile; productRef = 0ABC9C952C7EB25300A4DB19 /* SwiftSoup */; };
		0ABC9C982C7EB25C00A4DB19 /* SwiftSoup in Frameworks */ = {isa = PBXBuildFile; productRef = 0ABC9C972C7EB25C00A4DB19 /* SwiftSoup */; };
/* End PBXBuildFile section */

/* Begin PBXContainerItemProxy section */
		0ABB89D42C7C150B006DAE23 /* PBXContainerItemProxy */ = {
			isa = PBXContainerItemProxy;
			containerPortal = 0ABB89A52C7C1489006DAE23 /* Project object */;
			proxyType = 1;
			remoteGlobalIDString = 0ABB89C22C7C150B006DAE23;
			remoteInfo = "macOs-widgetExtension";
		};
/* End PBXContainerItemProxy section */

/* Begin PBXCopyFilesBuildPhase section */
		0ABB89DA2C7C150B006DAE23 /* Embed Foundation Extensions */ = {
			isa = PBXCopyFilesBuildPhase;
			buildActionMask = 2147483647;
			dstPath = "";
			dstSubfolderSpec = 13;
			files = (
				0ABB89D62C7C150B006DAE23 /* macOs-widgetExtension.appex in Embed Foundation Extensions */,
			);
			name = "Embed Foundation Extensions";
			runOnlyForDeploymentPostprocessing = 0;
		};
/* End PBXCopyFilesBuildPhase section */

/* Begin PBXFileReference section */
		0A0161F32C7D75EE00437D8C /* SurfSpotView.swift */ = {isa = PBXFileReference; lastKnownFileType = sourcecode.swift; path = SurfSpotView.swift; sourceTree = "<group>"; };
		0A0161F52C7D764E00437D8C /* NoSurfSpotView.swift */ = {isa = PBXFileReference; lastKnownFileType = sourcecode.swift; path = NoSurfSpotView.swift; sourceTree = "<group>"; };
		0A0161F72C7D769E00437D8C /* EntryView.swift */ = {isa = PBXFileReference; lastKnownFileType = sourcecode.swift; path = EntryView.swift; sourceTree = "<group>"; };
		0A0161FA2C7D76D800437D8C /* ColorExtension.swift */ = {isa = PBXFileReference; lastKnownFileType = sourcecode.swift; path = ColorExtension.swift; sourceTree = "<group>"; };
		0A0161FD2C7D773900437D8C /* SurfSpots.swift */ = {isa = PBXFileReference; lastKnownFileType = sourcecode.swift; path = SurfSpots.swift; sourceTree = "<group>"; };
		0A0162022C7D778300437D8C /* GetGradeColor.swift */ = {isa = PBXFileReference; lastKnownFileType = sourcecode.swift; path = GetGradeColor.swift; sourceTree = "<group>"; };
		0A0162052C7D77C900437D8C /* TimelineProvider.swift */ = {isa = PBXFileReference; lastKnownFileType = sourcecode.swift; path = TimelineProvider.swift; sourceTree = "<group>"; };
		0A0162072C7D77D100437D8C /* TimelineEntry.swift */ = {isa = PBXFileReference; lastKnownFileType = sourcecode.swift; path = TimelineEntry.swift; sourceTree = "<group>"; };
		0A01620C2C7D78A200437D8C /* SurfSpotView.swift */ = {isa = PBXFileReference; lastKnownFileType = sourcecode.swift; path = SurfSpotView.swift; sourceTree = "<group>"; };
		0A01620E2C7D78AD00437D8C /* NoSurfSpotView.swift */ = {isa = PBXFileReference; lastKnownFileType = sourcecode.swift; path = NoSurfSpotView.swift; sourceTree = "<group>"; };
		0A0162102C7D791000437D8C /* GetGradeColor.swift */ = {isa = PBXFileReference; lastKnownFileType = sourcecode.swift; path = GetGradeColor.swift; sourceTree = "<group>"; };
		0A0162122C7D794C00437D8C /* SurfSpots.swift */ = {isa = PBXFileReference; lastKnownFileType = sourcecode.swift; path = SurfSpots.swift; sourceTree = "<group>"; };
		0A0162172C7D79C200437D8C /* ColorExtension.swift */ = {isa = PBXFileReference; lastKnownFileType = sourcecode.swift; path = ColorExtension.swift; sourceTree = "<group>"; };
		0A0EEE192C7FDE490035B6FD /* SurfSpotsObserv.swift */ = {isa = PBXFileReference; lastKnownFileType = sourcecode.swift; path = SurfSpotsObserv.swift; sourceTree = "<group>"; };
		0A0EEE1D2C7FE6850035B6FD /* SurfSpotUrlsObserv.swift */ = {isa = PBXFileReference; lastKnownFileType = sourcecode.swift; path = SurfSpotUrlsObserv.swift; sourceTree = "<group>"; };
		0A0EEE1F2C8024380035B6FD /* GetSurfSpotUrls.swift */ = {isa = PBXFileReference; lastKnownFileType = sourcecode.swift; path = GetSurfSpotUrls.swift; sourceTree = "<group>"; };
		0A15027E2C7DA16200339813 /* WebScraper.swift */ = {isa = PBXFileReference; lastKnownFileType = sourcecode.swift; path = WebScraper.swift; sourceTree = "<group>"; };
		0A1502802C7DA2EA00339813 /* WebScraper.swift */ = {isa = PBXFileReference; lastKnownFileType = sourcecode.swift; path = WebScraper.swift; sourceTree = "<group>"; };
		0A62382D2C7ECBB2003B1679 /* SystemLargeView.swift */ = {isa = PBXFileReference; lastKnownFileType = sourcecode.swift; path = SystemLargeView.swift; sourceTree = "<group>"; };
		0A62382F2C7ECBC0003B1679 /* SystemExtraLargeView.swift */ = {isa = PBXFileReference; lastKnownFileType = sourcecode.swift; path = SystemExtraLargeView.swift; sourceTree = "<group>"; };
		0A6238312C7EE5BB003B1679 /* SettingsView.swift */ = {isa = PBXFileReference; lastKnownFileType = sourcecode.swift; path = SettingsView.swift; sourceTree = "<group>"; };
		0ABB89AD2C7C1489006DAE23 /* surf-forecast.app */ = {isa = PBXFileReference; explicitFileType = wrapper.application; includeInIndex = 0; path = "surf-forecast.app"; sourceTree = BUILT_PRODUCTS_DIR; };
		0ABB89B02C7C1489006DAE23 /* SurfForcastWidgetApp.swift */ = {isa = PBXFileReference; lastKnownFileType = sourcecode.swift; path = SurfForcastWidgetApp.swift; sourceTree = "<group>"; };
		0ABB89B22C7C1489006DAE23 /* ContentView.swift */ = {isa = PBXFileReference; lastKnownFileType = sourcecode.swift; path = ContentView.swift; sourceTree = "<group>"; };
		0ABB89B42C7C148A006DAE23 /* Assets.xcassets */ = {isa = PBXFileReference; lastKnownFileType = folder.assetcatalog; path = Assets.xcassets; sourceTree = "<group>"; };
		0ABB89B72C7C148A006DAE23 /* Preview Assets.xcassets */ = {isa = PBXFileReference; lastKnownFileType = folder.assetcatalog; path = "Preview Assets.xcassets"; sourceTree = "<group>"; };
		0ABB89B92C7C148A006DAE23 /* surf_forcast_widget.entitlements */ = {isa = PBXFileReference; lastKnownFileType = text.plist.entitlements; path = surf_forcast_widget.entitlements; sourceTree = "<group>"; };
		0ABB89C32C7C150B006DAE23 /* macOs-widgetExtension.appex */ = {isa = PBXFileReference; explicitFileType = "wrapper.app-extension"; includeInIndex = 0; path = "macOs-widgetExtension.appex"; sourceTree = BUILT_PRODUCTS_DIR; };
		0ABB89C52C7C150B006DAE23 /* WidgetKit.framework */ = {isa = PBXFileReference; lastKnownFileType = wrapper.framework; name = WidgetKit.framework; path = System/Library/Frameworks/WidgetKit.framework; sourceTree = SDKROOT; };
		0ABB89C72C7C150B006DAE23 /* SwiftUI.framework */ = {isa = PBXFileReference; lastKnownFileType = wrapper.framework; name = SwiftUI.framework; path = System/Library/Frameworks/SwiftUI.framework; sourceTree = SDKROOT; };
		0ABB89CA2C7C150B006DAE23 /* MacOsWidgetBundle.swift */ = {isa = PBXFileReference; lastKnownFileType = sourcecode.swift; path = MacOsWidgetBundle.swift; sourceTree = "<group>"; };
		0ABB89CC2C7C150B006DAE23 /* MacOsWidget.swift */ = {isa = PBXFileReference; lastKnownFileType = sourcecode.swift; path = MacOsWidget.swift; sourceTree = "<group>"; };
		0ABB89D02C7C150B006DAE23 /* Assets.xcassets */ = {isa = PBXFileReference; lastKnownFileType = folder.assetcatalog; path = Assets.xcassets; sourceTree = "<group>"; };
		0ABB89D22C7C150B006DAE23 /* Info.plist */ = {isa = PBXFileReference; lastKnownFileType = text.plist.xml; path = Info.plist; sourceTree = "<group>"; };
		0ABB89D32C7C150B006DAE23 /* macOs_widget.entitlements */ = {isa = PBXFileReference; lastKnownFileType = text.plist.entitlements; path = macOs_widget.entitlements; sourceTree = "<group>"; };
/* End PBXFileReference section */

/* Begin PBXFrameworksBuildPhase section */
		0ABB89AA2C7C1489006DAE23 /* Frameworks */ = {
			isa = PBXFrameworksBuildPhase;
			buildActionMask = 2147483647;
			files = (
				0ABC9C962C7EB25300A4DB19 /* SwiftSoup in Frameworks */,
			);
			runOnlyForDeploymentPostprocessing = 0;
		};
		0ABB89C02C7C150B006DAE23 /* Frameworks */ = {
			isa = PBXFrameworksBuildPhase;
			buildActionMask = 2147483647;
			files = (
				0ABB89C82C7C150B006DAE23 /* SwiftUI.framework in Frameworks */,
				0ABB89C62C7C150B006DAE23 /* WidgetKit.framework in Frameworks */,
				0ABC9C982C7EB25C00A4DB19 /* SwiftSoup in Frameworks */,
			);
			runOnlyForDeploymentPostprocessing = 0;
		};
/* End PBXFrameworksBuildPhase section */

/* Begin PBXGroup section */
		0A0161F22C7D75C500437D8C /* Views */ = {
			isa = PBXGroup;
			children = (
				0A0161F92C7D76C200437D8C /* Extensions */,
				0A0161F32C7D75EE00437D8C /* SurfSpotView.swift */,
				0A0161F52C7D764E00437D8C /* NoSurfSpotView.swift */,
				0A0161F72C7D769E00437D8C /* EntryView.swift */,
				0A62382D2C7ECBB2003B1679 /* SystemLargeView.swift */,
				0A62382F2C7ECBC0003B1679 /* SystemExtraLargeView.swift */,
			);
			path = Views;
			sourceTree = "<group>";
		};
		0A0161F92C7D76C200437D8C /* Extensions */ = {
			isa = PBXGroup;
			children = (
				0A0161FA2C7D76D800437D8C /* ColorExtension.swift */,
			);
			path = Extensions;
			sourceTree = "<group>";
		};
		0A0161FC2C7D771500437D8C /* Types */ = {
			isa = PBXGroup;
			children = (
				0A0161FD2C7D773900437D8C /* SurfSpots.swift */,
			);
			path = Types;
			sourceTree = "<group>";
		};
		0A0161FF2C7D775E00437D8C /* Functions */ = {
			isa = PBXGroup;
			children = (
				0A0162022C7D778300437D8C /* GetGradeColor.swift */,
				0A15027E2C7DA16200339813 /* WebScraper.swift */,
				0A0EEE1F2C8024380035B6FD /* GetSurfSpotUrls.swift */,
			);
			path = Functions;
			sourceTree = "<group>";
		};
		0A0162042C7D77B800437D8C /* Timeline */ = {
			isa = PBXGroup;
			children = (
				0A0162052C7D77C900437D8C /* TimelineProvider.swift */,
				0A0162072C7D77D100437D8C /* TimelineEntry.swift */,
			);
			path = Timeline;
			sourceTree = "<group>";
		};
		0A0162092C7D787A00437D8C /* Functions */ = {
			isa = PBXGroup;
			children = (
				0A0162102C7D791000437D8C /* GetGradeColor.swift */,
				0A1502802C7DA2EA00339813 /* WebScraper.swift */,
			);
			path = Functions;
			sourceTree = "<group>";
		};
		0A01620A2C7D788000437D8C /* Types */ = {
			isa = PBXGroup;
			children = (
				0A0162122C7D794C00437D8C /* SurfSpots.swift */,
			);
			path = Types;
			sourceTree = "<group>";
		};
		0A01620B2C7D788700437D8C /* Views */ = {
			isa = PBXGroup;
			children = (
				0A0162162C7D799500437D8C /* Extensions */,
				0ABB89B22C7C1489006DAE23 /* ContentView.swift */,
				0A01620C2C7D78A200437D8C /* SurfSpotView.swift */,
				0A01620E2C7D78AD00437D8C /* NoSurfSpotView.swift */,
				0A6238312C7EE5BB003B1679 /* SettingsView.swift */,
			);
			path = Views;
			sourceTree = "<group>";
		};
		0A0162162C7D799500437D8C /* Extensions */ = {
			isa = PBXGroup;
			children = (
				0A0162172C7D79C200437D8C /* ColorExtension.swift */,
			);
			path = Extensions;
			sourceTree = "<group>";
		};
		0A0EEE162C7FD97D0035B6FD /* Observables */ = {
			isa = PBXGroup;
			children = (
				0A0EEE192C7FDE490035B6FD /* SurfSpotsObserv.swift */,
				0A0EEE1D2C7FE6850035B6FD /* SurfSpotUrlsObserv.swift */,
			);
			path = Observables;
			sourceTree = "<group>";
		};
		0ABB89A42C7C1489006DAE23 = {
			isa = PBXGroup;
			children = (
				0ABB89AF2C7C1489006DAE23 /* surf-forcast-widget */,
				0ABB89C92C7C150B006DAE23 /* macOs-widget */,
				0ABB89C42C7C150B006DAE23 /* Frameworks */,
				0ABB89AE2C7C1489006DAE23 /* Products */,
			);
			sourceTree = "<group>";
		};
		0ABB89AE2C7C1489006DAE23 /* Products */ = {
			isa = PBXGroup;
			children = (
				0ABB89AD2C7C1489006DAE23 /* surf-forecast.app */,
				0ABB89C32C7C150B006DAE23 /* macOs-widgetExtension.appex */,
			);
			name = Products;
			sourceTree = "<group>";
		};
		0ABB89AF2C7C1489006DAE23 /* surf-forcast-widget */ = {
			isa = PBXGroup;
			children = (
				0A0EEE162C7FD97D0035B6FD /* Observables */,
				0A01620B2C7D788700437D8C /* Views */,
				0A01620A2C7D788000437D8C /* Types */,
				0A0162092C7D787A00437D8C /* Functions */,
				0ABB89B02C7C1489006DAE23 /* SurfForcastWidgetApp.swift */,
				0ABB89B42C7C148A006DAE23 /* Assets.xcassets */,
				0ABB89B92C7C148A006DAE23 /* surf_forcast_widget.entitlements */,
				0ABB89B62C7C148A006DAE23 /* Preview Content */,
			);
			path = "surf-forcast-widget";
			sourceTree = "<group>";
		};
		0ABB89B62C7C148A006DAE23 /* Preview Content */ = {
			isa = PBXGroup;
			children = (
				0ABB89B72C7C148A006DAE23 /* Preview Assets.xcassets */,
			);
			path = "Preview Content";
			sourceTree = "<group>";
		};
		0ABB89C42C7C150B006DAE23 /* Frameworks */ = {
			isa = PBXGroup;
			children = (
				0ABB89C52C7C150B006DAE23 /* WidgetKit.framework */,
				0ABB89C72C7C150B006DAE23 /* SwiftUI.framework */,
			);
			name = Frameworks;
			sourceTree = "<group>";
		};
		0ABB89C92C7C150B006DAE23 /* macOs-widget */ = {
			isa = PBXGroup;
			children = (
				0A0162042C7D77B800437D8C /* Timeline */,
				0A0161FF2C7D775E00437D8C /* Functions */,
				0A0161FC2C7D771500437D8C /* Types */,
				0A0161F22C7D75C500437D8C /* Views */,
				0ABB89CA2C7C150B006DAE23 /* MacOsWidgetBundle.swift */,
				0ABB89CC2C7C150B006DAE23 /* MacOsWidget.swift */,
				0ABB89D02C7C150B006DAE23 /* Assets.xcassets */,
				0ABB89D22C7C150B006DAE23 /* Info.plist */,
				0ABB89D32C7C150B006DAE23 /* macOs_widget.entitlements */,
			);
			path = "macOs-widget";
			sourceTree = "<group>";
		};
/* End PBXGroup section */

/* Begin PBXNativeTarget section */
		0ABB89AC2C7C1489006DAE23 /* surf-forecast */ = {
			isa = PBXNativeTarget;
			buildConfigurationList = 0ABB89BC2C7C148A006DAE23 /* Build configuration list for PBXNativeTarget "surf-forecast" */;
			buildPhases = (
				0ABB89A92C7C1489006DAE23 /* Sources */,
				0ABB89AA2C7C1489006DAE23 /* Frameworks */,
				0ABB89AB2C7C1489006DAE23 /* Resources */,
				0ABB89DA2C7C150B006DAE23 /* Embed Foundation Extensions */,
			);
			buildRules = (
			);
			dependencies = (
				0ABB89D52C7C150B006DAE23 /* PBXTargetDependency */,
			);
			name = "surf-forecast";
			packageProductDependencies = (
				0ABC9C952C7EB25300A4DB19 /* SwiftSoup */,
			);
			productName = "surf-forcast-widget";
			productReference = 0ABB89AD2C7C1489006DAE23 /* surf-forecast.app */;
			productType = "com.apple.product-type.application";
		};
		0ABB89C22C7C150B006DAE23 /* macOs-widgetExtension */ = {
			isa = PBXNativeTarget;
			buildConfigurationList = 0ABB89D72C7C150B006DAE23 /* Build configuration list for PBXNativeTarget "macOs-widgetExtension" */;
			buildPhases = (
				0ABB89BF2C7C150B006DAE23 /* Sources */,
				0ABB89C02C7C150B006DAE23 /* Frameworks */,
				0ABB89C12C7C150B006DAE23 /* Resources */,
			);
			buildRules = (
			);
			dependencies = (
			);
			name = "macOs-widgetExtension";
			packageProductDependencies = (
				0ABC9C972C7EB25C00A4DB19 /* SwiftSoup */,
			);
			productName = "macOs-widgetExtension";
			productReference = 0ABB89C32C7C150B006DAE23 /* macOs-widgetExtension.appex */;
			productType = "com.apple.product-type.app-extension";
		};
/* End PBXNativeTarget section */

/* Begin PBXProject section */
		0ABB89A52C7C1489006DAE23 /* Project object */ = {
			isa = PBXProject;
			attributes = {
				BuildIndependentTargetsInParallel = 1;
				LastSwiftUpdateCheck = 1540;
				LastUpgradeCheck = 1540;
				TargetAttributes = {
					0ABB89AC2C7C1489006DAE23 = {
						CreatedOnToolsVersion = 15.4;
					};
					0ABB89C22C7C150B006DAE23 = {
						CreatedOnToolsVersion = 15.4;
					};
				};
			};
			buildConfigurationList = 0ABB89A82C7C1489006DAE23 /* Build configuration list for PBXProject "surf-forecast" */;
			compatibilityVersion = "Xcode 14.0";
			developmentRegion = en;
			hasScannedForEncodings = 0;
			knownRegions = (
				en,
				Base,
			);
			mainGroup = 0ABB89A42C7C1489006DAE23;
			packageReferences = (
				0AA4A34F2C7D99CF006D8D83 /* XCRemoteSwiftPackageReference "SwiftSoup" */,
			);
			productRefGroup = 0ABB89AE2C7C1489006DAE23 /* Products */;
			projectDirPath = "";
			projectRoot = "";
			targets = (
				0ABB89AC2C7C1489006DAE23 /* surf-forecast */,
				0ABB89C22C7C150B006DAE23 /* macOs-widgetExtension */,
			);
		};
/* End PBXProject section */

/* Begin PBXResourcesBuildPhase section */
		0ABB89AB2C7C1489006DAE23 /* Resources */ = {
			isa = PBXResourcesBuildPhase;
			buildActionMask = 2147483647;
			files = (
				0ABB89B82C7C148A006DAE23 /* Preview Assets.xcassets in Resources */,
				0ABB89B52C7C148A006DAE23 /* Assets.xcassets in Resources */,
			);
			runOnlyForDeploymentPostprocessing = 0;
		};
		0ABB89C12C7C150B006DAE23 /* Resources */ = {
			isa = PBXResourcesBuildPhase;
			buildActionMask = 2147483647;
			files = (
				0ABB89D12C7C150B006DAE23 /* Assets.xcassets in Resources */,
			);
			runOnlyForDeploymentPostprocessing = 0;
		};
/* End PBXResourcesBuildPhase section */

/* Begin PBXSourcesBuildPhase section */
		0ABB89A92C7C1489006DAE23 /* Sources */ = {
			isa = PBXSourcesBuildPhase;
			buildActionMask = 2147483647;
			files = (
				0A0162112C7D791000437D8C /* GetGradeColor.swift in Sources */,
				0ABB89B32C7C1489006DAE23 /* ContentView.swift in Sources */,
				0A1502812C7DA2EA00339813 /* WebScraper.swift in Sources */,
				0A6238322C7EE5BB003B1679 /* SettingsView.swift in Sources */,
				0A0EEE1A2C7FDE490035B6FD /* SurfSpotsObserv.swift in Sources */,
				0A0162182C7D79C200437D8C /* ColorExtension.swift in Sources */,
				0A01620D2C7D78A200437D8C /* SurfSpotView.swift in Sources */,
				0A0EEE1E2C7FE6850035B6FD /* SurfSpotUrlsObserv.swift in Sources */,
				0A0162132C7D794C00437D8C /* SurfSpots.swift in Sources */,
				0ABB89B12C7C1489006DAE23 /* SurfForcastWidgetApp.swift in Sources */,
				0A01620F2C7D78AD00437D8C /* NoSurfSpotView.swift in Sources */,
			);
			runOnlyForDeploymentPostprocessing = 0;
		};
		0ABB89BF2C7C150B006DAE23 /* Sources */ = {
			isa = PBXSourcesBuildPhase;
			buildActionMask = 2147483647;
			files = (
				0ABB89CB2C7C150B006DAE23 /* MacOsWidgetBundle.swift in Sources */,
				0A0161F62C7D764E00437D8C /* NoSurfSpotView.swift in Sources */,
				0A6238302C7ECBC0003B1679 /* SystemExtraLargeView.swift in Sources */,
				0A0161F82C7D769E00437D8C /* EntryView.swift in Sources */,
				0A0161FB2C7D76D800437D8C /* ColorExtension.swift in Sources */,
				0A0161FE2C7D773900437D8C /* SurfSpots.swift in Sources */,
				0A0162082C7D77D100437D8C /* TimelineEntry.swift in Sources */,
				0A0162032C7D778300437D8C /* GetGradeColor.swift in Sources */,
				0A0EEE202C8024380035B6FD /* GetSurfSpotUrls.swift in Sources */,
				0A0161F42C7D75EE00437D8C /* SurfSpotView.swift in Sources */,
				0ABB89CD2C7C150B006DAE23 /* MacOsWidget.swift in Sources */,
				0A0162062C7D77C900437D8C /* TimelineProvider.swift in Sources */,
				0A15027F2C7DA16200339813 /* WebScraper.swift in Sources */,
				0A62382E2C7ECBB2003B1679 /* SystemLargeView.swift in Sources */,
			);
			runOnlyForDeploymentPostprocessing = 0;
		};
/* End PBXSourcesBuildPhase section */

/* Begin PBXTargetDependency section */
		0ABB89D52C7C150B006DAE23 /* PBXTargetDependency */ = {
			isa = PBXTargetDependency;
			target = 0ABB89C22C7C150B006DAE23 /* macOs-widgetExtension */;
			targetProxy = 0ABB89D42C7C150B006DAE23 /* PBXContainerItemProxy */;
		};
/* End PBXTargetDependency section */

/* Begin XCBuildConfiguration section */
		0ABB89BA2C7C148A006DAE23 /* Debug */ = {
			isa = XCBuildConfiguration;
			buildSettings = {
				ALWAYS_SEARCH_USER_PATHS = NO;
				ASSETCATALOG_COMPILER_GENERATE_SWIFT_ASSET_SYMBOL_EXTENSIONS = YES;
				CLANG_ANALYZER_NONNULL = YES;
				CLANG_ANALYZER_NUMBER_OBJECT_CONVERSION = YES_AGGRESSIVE;
				CLANG_CXX_LANGUAGE_STANDARD = "gnu++20";
				CLANG_ENABLE_MODULES = YES;
				CLANG_ENABLE_OBJC_ARC = YES;
				CLANG_ENABLE_OBJC_WEAK = YES;
				CLANG_WARN_BLOCK_CAPTURE_AUTORELEASING = YES;
				CLANG_WARN_BOOL_CONVERSION = YES;
				CLANG_WARN_COMMA = YES;
				CLANG_WARN_CONSTANT_CONVERSION = YES;
				CLANG_WARN_DEPRECATED_OBJC_IMPLEMENTATIONS = YES;
				CLANG_WARN_DIRECT_OBJC_ISA_USAGE = YES_ERROR;
				CLANG_WARN_DOCUMENTATION_COMMENTS = YES;
				CLANG_WARN_EMPTY_BODY = YES;
				CLANG_WARN_ENUM_CONVERSION = YES;
				CLANG_WARN_INFINITE_RECURSION = YES;
				CLANG_WARN_INT_CONVERSION = YES;
				CLANG_WARN_NON_LITERAL_NULL_CONVERSION = YES;
				CLANG_WARN_OBJC_IMPLICIT_RETAIN_SELF = YES;
				CLANG_WARN_OBJC_LITERAL_CONVERSION = YES;
				CLANG_WARN_OBJC_ROOT_CLASS = YES_ERROR;
				CLANG_WARN_QUOTED_INCLUDE_IN_FRAMEWORK_HEADER = YES;
				CLANG_WARN_RANGE_LOOP_ANALYSIS = YES;
				CLANG_WARN_STRICT_PROTOTYPES = YES;
				CLANG_WARN_SUSPICIOUS_MOVE = YES;
				CLANG_WARN_UNGUARDED_AVAILABILITY = YES_AGGRESSIVE;
				CLANG_WARN_UNREACHABLE_CODE = YES;
				CLANG_WARN__DUPLICATE_METHOD_MATCH = YES;
				COPY_PHASE_STRIP = NO;
				DEBUG_INFORMATION_FORMAT = dwarf;
				ENABLE_STRICT_OBJC_MSGSEND = YES;
				ENABLE_TESTABILITY = YES;
				ENABLE_USER_SCRIPT_SANDBOXING = YES;
				GCC_C_LANGUAGE_STANDARD = gnu17;
				GCC_DYNAMIC_NO_PIC = NO;
				GCC_NO_COMMON_BLOCKS = YES;
				GCC_OPTIMIZATION_LEVEL = 0;
				GCC_PREPROCESSOR_DEFINITIONS = (
					"DEBUG=1",
					"$(inherited)",
				);
				GCC_WARN_64_TO_32_BIT_CONVERSION = YES;
				GCC_WARN_ABOUT_RETURN_TYPE = YES_ERROR;
				GCC_WARN_UNDECLARED_SELECTOR = YES;
				GCC_WARN_UNINITIALIZED_AUTOS = YES_AGGRESSIVE;
				GCC_WARN_UNUSED_FUNCTION = YES;
				GCC_WARN_UNUSED_VARIABLE = YES;
				LOCALIZATION_PREFERS_STRING_CATALOGS = YES;
				MACOSX_DEPLOYMENT_TARGET = 14.5;
				MTL_ENABLE_DEBUG_INFO = INCLUDE_SOURCE;
				MTL_FAST_MATH = YES;
				ONLY_ACTIVE_ARCH = YES;
				SDKROOT = macosx;
				SWIFT_ACTIVE_COMPILATION_CONDITIONS = "DEBUG $(inherited)";
				SWIFT_OPTIMIZATION_LEVEL = "-Onone";
			};
			name = Debug;
		};
		0ABB89BB2C7C148A006DAE23 /* Release */ = {
			isa = XCBuildConfiguration;
			buildSettings = {
				ALWAYS_SEARCH_USER_PATHS = NO;
				ASSETCATALOG_COMPILER_GENERATE_SWIFT_ASSET_SYMBOL_EXTENSIONS = YES;
				CLANG_ANALYZER_NONNULL = YES;
				CLANG_ANALYZER_NUMBER_OBJECT_CONVERSION = YES_AGGRESSIVE;
				CLANG_CXX_LANGUAGE_STANDARD = "gnu++20";
				CLANG_ENABLE_MODULES = YES;
				CLANG_ENABLE_OBJC_ARC = YES;
				CLANG_ENABLE_OBJC_WEAK = YES;
				CLANG_WARN_BLOCK_CAPTURE_AUTORELEASING = YES;
				CLANG_WARN_BOOL_CONVERSION = YES;
				CLANG_WARN_COMMA = YES;
				CLANG_WARN_CONSTANT_CONVERSION = YES;
				CLANG_WARN_DEPRECATED_OBJC_IMPLEMENTATIONS = YES;
				CLANG_WARN_DIRECT_OBJC_ISA_USAGE = YES_ERROR;
				CLANG_WARN_DOCUMENTATION_COMMENTS = YES;
				CLANG_WARN_EMPTY_BODY = YES;
				CLANG_WARN_ENUM_CONVERSION = YES;
				CLANG_WARN_INFINITE_RECURSION = YES;
				CLANG_WARN_INT_CONVERSION = YES;
				CLANG_WARN_NON_LITERAL_NULL_CONVERSION = YES;
				CLANG_WARN_OBJC_IMPLICIT_RETAIN_SELF = YES;
				CLANG_WARN_OBJC_LITERAL_CONVERSION = YES;
				CLANG_WARN_OBJC_ROOT_CLASS = YES_ERROR;
				CLANG_WARN_QUOTED_INCLUDE_IN_FRAMEWORK_HEADER = YES;
				CLANG_WARN_RANGE_LOOP_ANALYSIS = YES;
				CLANG_WARN_STRICT_PROTOTYPES = YES;
				CLANG_WARN_SUSPICIOUS_MOVE = YES;
				CLANG_WARN_UNGUARDED_AVAILABILITY = YES_AGGRESSIVE;
				CLANG_WARN_UNREACHABLE_CODE = YES;
				CLANG_WARN__DUPLICATE_METHOD_MATCH = YES;
				COPY_PHASE_STRIP = NO;
				DEBUG_INFORMATION_FORMAT = "dwarf-with-dsym";
				ENABLE_NS_ASSERTIONS = NO;
				ENABLE_STRICT_OBJC_MSGSEND = YES;
				ENABLE_USER_SCRIPT_SANDBOXING = YES;
				GCC_C_LANGUAGE_STANDARD = gnu17;
				GCC_NO_COMMON_BLOCKS = YES;
				GCC_WARN_64_TO_32_BIT_CONVERSION = YES;
				GCC_WARN_ABOUT_RETURN_TYPE = YES_ERROR;
				GCC_WARN_UNDECLARED_SELECTOR = YES;
				GCC_WARN_UNINITIALIZED_AUTOS = YES_AGGRESSIVE;
				GCC_WARN_UNUSED_FUNCTION = YES;
				GCC_WARN_UNUSED_VARIABLE = YES;
				LOCALIZATION_PREFERS_STRING_CATALOGS = YES;
				MACOSX_DEPLOYMENT_TARGET = 14.5;
				MTL_ENABLE_DEBUG_INFO = NO;
				MTL_FAST_MATH = YES;
				SDKROOT = macosx;
				SWIFT_COMPILATION_MODE = wholemodule;
			};
			name = Release;
		};
		0ABB89BD2C7C148A006DAE23 /* Debug */ = {
			isa = XCBuildConfiguration;
			buildSettings = {
				ALWAYS_EMBED_SWIFT_STANDARD_LIBRARIES = YES;
				ASSETCATALOG_COMPILER_APPICON_NAME = AppIcon;
				ASSETCATALOG_COMPILER_GLOBAL_ACCENT_COLOR_NAME = AccentColor;
				CODE_SIGN_ENTITLEMENTS = "surf-forcast-widget/surf_forcast_widget.entitlements";
				"CODE_SIGN_IDENTITY[sdk=macosx*]" = "-";
				CODE_SIGN_STYLE = Automatic;
				COMBINE_HIDPI_IMAGES = YES;
				CURRENT_PROJECT_VERSION = 1;
				DEVELOPMENT_ASSET_PATHS = "\"surf-forcast-widget/Preview Content\"";
				DEVELOPMENT_TEAM = NPRMYP26B7;
				ENABLE_PREVIEWS = YES;
				GENERATE_INFOPLIST_FILE = YES;
				INFOPLIST_KEY_CFBundleDisplayName = "Surf Forecast";
				INFOPLIST_KEY_NSHumanReadableCopyright = "";
				LD_RUNPATH_SEARCH_PATHS = (
					"$(inherited)",
					"@executable_path/../Frameworks",
				);
				MARKETING_VERSION = 1.0;
				PRODUCT_BUNDLE_IDENTIFIER = "com.hydeit.surf-forcast-widget";
				PRODUCT_NAME = "$(TARGET_NAME)";
				SWIFT_EMIT_LOC_STRINGS = YES;
				SWIFT_VERSION = 5.0;
			};
			name = Debug;
		};
		0ABB89BE2C7C148A006DAE23 /* Release */ = {
			isa = XCBuildConfiguration;
			buildSettings = {
				ALWAYS_EMBED_SWIFT_STANDARD_LIBRARIES = YES;
				ASSETCATALOG_COMPILER_APPICON_NAME = AppIcon;
				ASSETCATALOG_COMPILER_GLOBAL_ACCENT_COLOR_NAME = AccentColor;
				CODE_SIGN_ENTITLEMENTS = "surf-forcast-widget/surf_forcast_widget.entitlements";
				"CODE_SIGN_IDENTITY[sdk=macosx*]" = "-";
				CODE_SIGN_STYLE = Automatic;
				COMBINE_HIDPI_IMAGES = YES;
				CURRENT_PROJECT_VERSION = 1;
				DEVELOPMENT_ASSET_PATHS = "\"surf-forcast-widget/Preview Content\"";
				DEVELOPMENT_TEAM = NPRMYP26B7;
				ENABLE_PREVIEWS = YES;
				GENERATE_INFOPLIST_FILE = YES;
				INFOPLIST_KEY_CFBundleDisplayName = "Surf Forecast";
				INFOPLIST_KEY_NSHumanReadableCopyright = "";
				LD_RUNPATH_SEARCH_PATHS = (
					"$(inherited)",
					"@executable_path/../Frameworks",
				);
				MARKETING_VERSION = 1.0;
				PRODUCT_BUNDLE_IDENTIFIER = "com.hydeit.surf-forcast-widget";
				PRODUCT_NAME = "$(TARGET_NAME)";
				SWIFT_EMIT_LOC_STRINGS = YES;
				SWIFT_VERSION = 5.0;
			};
			name = Release;
		};
		0ABB89D82C7C150B006DAE23 /* Debug */ = {
			isa = XCBuildConfiguration;
			buildSettings = {
				ASSETCATALOG_COMPILER_GLOBAL_ACCENT_COLOR_NAME = AccentColor;
				ASSETCATALOG_COMPILER_WIDGET_BACKGROUND_COLOR_NAME = WidgetBackground;
				CODE_SIGN_ENTITLEMENTS = "macOs-widget/macOs_widget.entitlements";
				"CODE_SIGN_IDENTITY[sdk=macosx*]" = "-";
				CODE_SIGN_STYLE = Automatic;
				CURRENT_PROJECT_VERSION = 1;
				DEVELOPMENT_TEAM = NPRMYP26B7;
				FRAMEWORK_SEARCH_PATHS = "";
				GENERATE_INFOPLIST_FILE = YES;
				INFOPLIST_FILE = "macOs-widget/Info.plist";
				INFOPLIST_KEY_CFBundleDisplayName = "macOs-widget";
				INFOPLIST_KEY_NSHumanReadableCopyright = "";
				LD_RUNPATH_SEARCH_PATHS = (
					"$(inherited)",
					"@executable_path/../Frameworks",
					"@executable_path/../../../../Frameworks",
				);
				MACOSX_DEPLOYMENT_TARGET = 14.0;
				MARKETING_VERSION = 1.0;
				PRODUCT_BUNDLE_IDENTIFIER = "com.hydeit.surf-forcast-widget.macOs-widget";
				PRODUCT_NAME = "$(TARGET_NAME)";
				SKIP_INSTALL = YES;
				SWIFT_EMIT_LOC_STRINGS = YES;
				SWIFT_VERSION = 5.0;
			};
			name = Debug;
		};
		0ABB89D92C7C150B006DAE23 /* Release */ = {
			isa = XCBuildConfiguration;
			buildSettings = {
				ASSETCATALOG_COMPILER_GLOBAL_ACCENT_COLOR_NAME = AccentColor;
				ASSETCATALOG_COMPILER_WIDGET_BACKGROUND_COLOR_NAME = WidgetBackground;
				CODE_SIGN_ENTITLEMENTS = "macOs-widget/macOs_widget.entitlements";
				"CODE_SIGN_IDENTITY[sdk=macosx*]" = "-";
				CODE_SIGN_STYLE = Automatic;
				CURRENT_PROJECT_VERSION = 1;
				DEVELOPMENT_TEAM = NPRMYP26B7;
				FRAMEWORK_SEARCH_PATHS = "";
				GENERATE_INFOPLIST_FILE = YES;
				INFOPLIST_FILE = "macOs-widget/Info.plist";
				INFOPLIST_KEY_CFBundleDisplayName = "macOs-widget";
				INFOPLIST_KEY_NSHumanReadableCopyright = "";
				LD_RUNPATH_SEARCH_PATHS = (
					"$(inherited)",
					"@executable_path/../Frameworks",
					"@executable_path/../../../../Frameworks",
				);
				MACOSX_DEPLOYMENT_TARGET = 14.0;
				MARKETING_VERSION = 1.0;
				PRODUCT_BUNDLE_IDENTIFIER = "com.hydeit.surf-forcast-widget.macOs-widget";
				PRODUCT_NAME = "$(TARGET_NAME)";
				SKIP_INSTALL = YES;
				SWIFT_EMIT_LOC_STRINGS = YES;
				SWIFT_VERSION = 5.0;
			};
			name = Release;
		};
/* End XCBuildConfiguration section */

/* Begin XCConfigurationList section */
		0ABB89A82C7C1489006DAE23 /* Build configuration list for PBXProject "surf-forecast" */ = {
			isa = XCConfigurationList;
			buildConfigurations = (
				0ABB89BA2C7C148A006DAE23 /* Debug */,
				0ABB89BB2C7C148A006DAE23 /* Release */,
			);
			defaultConfigurationIsVisible = 0;
			defaultConfigurationName = Release;
		};
		0ABB89BC2C7C148A006DAE23 /* Build configuration list for PBXNativeTarget "surf-forecast" */ = {
			isa = XCConfigurationList;
			buildConfigurations = (
				0ABB89BD2C7C148A006DAE23 /* Debug */,
				0ABB89BE2C7C148A006DAE23 /* Release */,
			);
			defaultConfigurationIsVisible = 0;
			defaultConfigurationName = Release;
		};
		0ABB89D72C7C150B006DAE23 /* Build configuration list for PBXNativeTarget "macOs-widgetExtension" */ = {
			isa = XCConfigurationList;
			buildConfigurations = (
				0ABB89D82C7C150B006DAE23 /* Debug */,
				0ABB89D92C7C150B006DAE23 /* Release */,
			);
			defaultConfigurationIsVisible = 0;
			defaultConfigurationName = Release;
		};
/* End XCConfigurationList section */

/* Begin XCRemoteSwiftPackageReference section */
		0AA4A34F2C7D99CF006D8D83 /* XCRemoteSwiftPackageReference "SwiftSoup" */ = {
			isa = XCRemoteSwiftPackageReference;
			repositoryURL = "https://github.com/scinfu/SwiftSoup";
			requirement = {
				kind = upToNextMajorVersion;
				minimumVersion = 2.7.5;
			};
		};
/* End XCRemoteSwiftPackageReference section */

/* Begin XCSwiftPackageProductDependency section */
		0ABC9C952C7EB25300A4DB19 /* SwiftSoup */ = {
			isa = XCSwiftPackageProductDependency;
			package = 0AA4A34F2C7D99CF006D8D83 /* XCRemoteSwiftPackageReference "SwiftSoup" */;
			productName = SwiftSoup;
		};
		0ABC9C972C7EB25C00A4DB19 /* SwiftSoup */ = {
			isa = XCSwiftPackageProductDependency;
			package = 0AA4A34F2C7D99CF006D8D83 /* XCRemoteSwiftPackageReference "SwiftSoup" */;
			productName = SwiftSoup;
		};
/* End XCSwiftPackageProductDependency section */
	};
	rootObject = 0ABB89A52C7C1489006DAE23 /* Project object */;
}
